github.com/usbarmory/crucible v0.0.0-20220823085715-c9e97b45a8b2 h1:dxJotkRF+Ns8mRgp5BQh5j2l6xwcfTWlMd7Xge3qv3Y=
github.com/usbarmory/crucible v0.0.0-20220823085715-c9e97b45a8b2/go.mod h1:/tDFfTW0y+CtcKzAPmIREQIDpzCuOmLpN8UxHh/iMls=
github.com/usbarmory/tamago v0.0.0-20220823080407-04f05cf2a5a3 h1:OgWngXmohy/sxTnHm7uStq0YlMkH0J+JY2HnBCv6fn0=
github.com/usbarmory/tamago v0.0.0-20220823080407-04f05cf2a5a3/go.mod h1:Lok79mjbJnhoBGqhX5cCUsZtSemsQF5FNZW+2R1dRr8=
go.mozilla.org/pkcs7 v0.0.0-20210826202110-33d05740a352 h1:CCriYyAfq1Br1aIYettdHZTy8mBTIPo7We18TuO/bak=
go.mozilla.org/pkcs7 v0.0.0-20210826202110-33d05740a352/go.mod h1:SNgMg+EgDFwmvSmLRTNKC5fegJjB7v23qTQ0XLGUNHk=
golang.org/x/sync v0.0.0-20220819030929-7fc1605a5dde h1:ejfdSekXMDxDLbRrJMwUk6KnSLZ2McaUCVcIKM+N6jc=
golang.org/x/sync v0.0.0-20220819030929-7fc1605a5dde/go.mod h1:RxMgew5VJxzue5/jJTE5uejpjVlOe/izrB70Jof72aM=
