github.com/usbarmory/crucible v0.0.0-20220823085715-c9e97b45a8b2 h1:dxJotkRF+Ns8mRgp5BQh5j2l6xwcfTWlMd7Xge3qv3Y=
github.com/usbarmory/crucible v0.0.0-20220823085715-c9e97b45a8b2/go.mod h1:/tDFfTW0y+CtcKzAPmIREQIDpzCuOmLpN8UxHh/iMls=
github.com/usbarmory/tamago v0.0.0-20220915152253-099f7888fe70 h1:a3tyz28TLgDxEJlCM4AQbrWJzJTv5TAs8hyemeaOlRg=
github.com/usbarmory/tamago v0.0.0-20220915152253-099f7888fe70/go.mod h1:Lok79mjbJnhoBGqhX5cCUsZtSemsQF5FNZW+2R1dRr8=
go.mozilla.org/pkcs7 v0.0.0-20210826202110-33d05740a352 h1:CCriYyAfq1Br1aIYettdHZTy8mBTIPo7We18TuO/bak=
go.mozilla.org/pkcs7 v0.0.0-20210826202110-33d05740a352/go.mod h1:SNgMg+EgDFwmvSmLRTNKC5fegJjB7v23qTQ0XLGUNHk=
golang.org/x/sync v0.0.0-20220907140024-f12130a52804 h1:0SH2R3f1b1VmIMG7BXbEZCBUu2dKmHschSmjqGUrW8A=
golang.org/x/sync v0.0.0-20220907140024-f12130a52804/go.mod h1:RxMgew5VJxzue5/jJTE5uejpjVlOe/izrB70Jof72aM=
